
Microsoft Visual Studio Solution File, Format Version 12.00
# Visual Studio 15
VisualStudioVersion = 15.0.28307.779
MinimumVisualStudioVersion = 10.0.40219.1
Project("{FAE04EC0-301F-11D3-BF4B-00C04F79EFBC}") = "AdministracionInmobiliaria", "AdministracionInmobiliaria\AdministracionInmobiliaria.csproj", "{B74F18C6-922C-4437-8CF6-58B116963655}"
EndProject
Global
	GlobalSection(SolutionConfigurationPlatforms) = preSolution
		Debug|Any CPU = Debug|Any CPU
		Release|Any CPU = Release|Any CPU
	EndGlobalSection
	GlobalSection(ProjectConfigurationPlatforms) = postSolution
		{B74F18C6-922C-4437-8CF6-58B116963655}.Debug|Any CPU.ActiveCfg = Debug|Any CPU
		{B74F18C6-922C-4437-8CF6-58B116963655}.Debug|Any CPU.Build.0 = Debug|Any CPU
		{B74F18C6-922C-4437-8CF6-58B116963655}.Release|Any CPU.ActiveCfg = Release|Any CPU
		{B74F18C6-922C-4437-8CF6-58B116963655}.Release|Any CPU.Build.0 = Release|Any CPU
	EndGlobalSection
	GlobalSection(SolutionProperties) = preSolution
		HideSolutionNode = FALSE
	EndGlobalSection
	GlobalSection(ExtensibilityGlobals) = postSolution
		SolutionGuid = {D8A64693-13EB-44FF-815E-8FA593A74529}
	EndGlobalSection
EndGlobal
